Microsoft Visual Studio Solution File, Format Version 12.00
# Visual Studio Version 17
VisualStudioVersion = 17.14.35906.104
MinimumVisualStudioVersion = 10.0.40219.1
Project("{FAE04EC0-301F-11D3-BF4B-00C04F79EFBC}") = "RevitConnector", "RevitConnector\RevitConnector.csproj", "{43CD0FD7-DF41-4F64-92BE-A0F78666D86F}"
EndProject
Project("{FAE04EC0-301F-11D3-BF4B-00C04F79EFBC}") = "RevitCommandDispatcher", "RevitCommandDispatcher\RevitCommandDispatcher.csproj", "{A23E71AF-675B-41EE-9BD4-D4F3C8BA080D}"
EndProject
Global
	GlobalSection(SolutionConfigurationPlatforms) = preSolution
		Debug R22|Any CPU = Debug R22|Any CPU
		Release R22|Any CPU = Release R22|Any CPU
	EndGlobalSection
	GlobalSection(ProjectConfigurationPlatforms) = postSolution
		{43CD0FD7-DF41-4F64-92BE-A0F78666D86F}.Debug R22|Any CPU.ActiveCfg = Debug R22|Any CPU
		{43CD0FD7-DF41-4F64-92BE-A0F78666D86F}.Debug R22|Any CPU.Build.0 = Debug R22|Any CPU
		{43CD0FD7-DF41-4F64-92BE-A0F78666D86F}.Release R22|Any CPU.ActiveCfg = Release R22|Any CPU
		{43CD0FD7-DF41-4F64-92BE-A0F78666D86F}.Release R22|Any CPU.Build.0 = Release R22|Any CPU
		{A23E71AF-675B-41EE-9BD4-D4F3C8BA080D}.Debug R22|Any CPU.ActiveCfg = Debug R22|Any CPU
		{A23E71AF-675B-41EE-9BD4-D4F3C8BA080D}.Debug R22|Any CPU.Build.0 = Debug R22|Any CPU
		{A23E71AF-675B-41EE-9BD4-D4F3C8BA080D}.Release R22|Any CPU.ActiveCfg = Release R22|Any CPU
		{A23E71AF-675B-41EE-9BD4-D4F3C8BA080D}.Release R22|Any CPU.Build.0 = Release R22|Any CPU
	EndGlobalSection
	GlobalSection(SolutionProperties) = preSolution
		HideSolutionNode = FALSE
	EndGlobalSection
	GlobalSection(ExtensibilityGlobals) = postSolution
		SolutionGuid = {B7F2C8A1-5D3E-4A9F-8C6B-1E2D3F4A5B6C}
	EndGlobalSection
EndGlobal
